
Microsoft Visual Studio Solution File, Format Version 12.00
# Visual Studio Version 17
VisualStudioVersion = 17.4.33213.308
MinimumVisualStudioVersion = 10.0.40219.1
Project("{FAE04EC0-301F-11D3-BF4B-00C04F79EFBC}") = "TicTacToeGame", "TicTacToeGame.csproj", "{0487C9E4-E454-4867-9D12-CB2CDC559908}"
EndProject
Global
	GlobalSection(SolutionConfigurationPlatforms) = preSolution
		Debug|Any CPU = Debug|Any CPU
		Release|Any CPU = Release|Any CPU
	EndGlobalSection
	GlobalSection(ProjectConfigurationPlatforms) = postSolution
		{0487C9E4-E454-4867-9D12-CB2CDC559908}.Debug|Any CPU.ActiveCfg = Debug|Any CPU
		{0487C9E4-E454-4867-9D12-CB2CDC559908}.Debug|Any CPU.Build.0 = Debug|Any CPU
		{0487C9E4-E454-4867-9D12-CB2CDC559908}.Release|Any CPU.ActiveCfg = Release|Any CPU
		{0487C9E4-E454-4867-9D12-CB2CDC559908}.Release|Any CPU.Build.0 = Release|Any CPU
	EndGlobalSection
	GlobalSection(SolutionProperties) = preSolution
		HideSolutionNode = FALSE
	EndGlobalSection
	GlobalSection(ExtensibilityGlobals) = postSolution
		SolutionGuid = {C221FF6E-6C6C-464F-9CC4-9BF79285C1D2}
	EndGlobalSection
EndGlobal
